
Microsoft Visual Studio Solution File, Format Version 12.00
# Visual Studio Version 17
VisualStudioVersion = 17.8.34309.116
MinimumVisualStudioVersion = 10.0.40219.1
Project("{9A19103F-16F7-4668-BE54-9A1E7A4F7556}") = "DataAccessLayerEF", "DataAccessLayerEF\DataAccessLayerEF.csproj", "{5AC8DC39-4D92-4A16-8AA7-63EDD9EF01F0}"
EndProject
Project("{FAE04EC0-301F-11D3-BF4B-00C04F79EFBC}") = "TicketingSystem.API", "TicketingSystem.API\TicketingSystem.API.csproj", "{5A1D91EB-8FC5-4069-8B03-C1F860761DBE}"
EndProject
Global
	GlobalSection(SolutionConfigurationPlatforms) = preSolution
		Debug|Any CPU = Debug|Any CPU
		Release|Any CPU = Release|Any CPU
	EndGlobalSection
	GlobalSection(ProjectConfigurationPlatforms) = postSolution
		{5AC8DC39-4D92-4A16-8AA7-63EDD9EF01F0}.Debug|Any CPU.ActiveCfg = Debug|Any CPU
		{5AC8DC39-4D92-4A16-8AA7-63EDD9EF01F0}.Debug|Any CPU.Build.0 = Debug|Any CPU
		{5AC8DC39-4D92-4A16-8AA7-63EDD9EF01F0}.Release|Any CPU.ActiveCfg = Release|Any CPU
		{5AC8DC39-4D92-4A16-8AA7-63EDD9EF01F0}.Release|Any CPU.Build.0 = Release|Any CPU
		{5A1D91EB-8FC5-4069-8B03-C1F860761DBE}.Debug|Any CPU.ActiveCfg = Debug|Any CPU
		{5A1D91EB-8FC5-4069-8B03-C1F860761DBE}.Debug|Any CPU.Build.0 = Debug|Any CPU
		{5A1D91EB-8FC5-4069-8B03-C1F860761DBE}.Release|Any CPU.ActiveCfg = Release|Any CPU
		{5A1D91EB-8FC5-4069-8B03-C1F860761DBE}.Release|Any CPU.Build.0 = Release|Any CPU
	EndGlobalSection
	GlobalSection(SolutionProperties) = preSolution
		HideSolutionNode = FALSE
	EndGlobalSection
	GlobalSection(ExtensibilityGlobals) = postSolution
		SolutionGuid = {AE58DFDF-5253-4876-8A97-7B9E2D277128}
	EndGlobalSection
EndGlobal
